
Microsoft Visual Studio Solution File, Format Version 12.00
# Visual Studio 14
VisualStudioVersion = 14.0.25420.1
MinimumVisualStudioVersion = 10.0.40219.1
Project("{FAE04EC0-301F-11D3-BF4B-00C04F79EFBC}") = "ContainerProducto", "ContainerProducto\ContainerProducto.csproj", "{17F1AE38-4533-4606-9075-0C6D38301BE9}"
EndProject
Project("{FAE04EC0-301F-11D3-BF4B-00C04F79EFBC}") = "parcial37_CuentaCorrienteBanco2011", "parcial37_CuentaCorrienteBanco2011\parcial37_CuentaCorrienteBanco2011.csproj", "{64E7343A-1D9F-4E97-BA75-E54209085D97}"
EndProject
Project("{FAE04EC0-301F-11D3-BF4B-00C04F79EFBC}") = "parcial39_FabricaOperarioArray", "parcial39_FabricaOperarioArray\parcial39_FabricaOperarioArray.csproj", "{C805EAFE-EDB0-482E-A3D1-5D5AB1AB7EE5}"
EndProject
Global
	GlobalSection(SolutionConfigurationPlatforms) = preSolution
		Debug|Any CPU = Debug|Any CPU
		Release|Any CPU = Release|Any CPU
	EndGlobalSection
	GlobalSection(ProjectConfigurationPlatforms) = postSolution
		{17F1AE38-4533-4606-9075-0C6D38301BE9}.Debug|Any CPU.ActiveCfg = Debug|Any CPU
		{17F1AE38-4533-4606-9075-0C6D38301BE9}.Debug|Any CPU.Build.0 = Debug|Any CPU
		{17F1AE38-4533-4606-9075-0C6D38301BE9}.Release|Any CPU.ActiveCfg = Release|Any CPU
		{17F1AE38-4533-4606-9075-0C6D38301BE9}.Release|Any CPU.Build.0 = Release|Any CPU
		{64E7343A-1D9F-4E97-BA75-E54209085D97}.Debug|Any CPU.ActiveCfg = Debug|Any CPU
		{64E7343A-1D9F-4E97-BA75-E54209085D97}.Debug|Any CPU.Build.0 = Debug|Any CPU
		{64E7343A-1D9F-4E97-BA75-E54209085D97}.Release|Any CPU.ActiveCfg = Release|Any CPU
		{64E7343A-1D9F-4E97-BA75-E54209085D97}.Release|Any CPU.Build.0 = Release|Any CPU
		{C805EAFE-EDB0-482E-A3D1-5D5AB1AB7EE5}.Debug|Any CPU.ActiveCfg = Debug|Any CPU
		{C805EAFE-EDB0-482E-A3D1-5D5AB1AB7EE5}.Debug|Any CPU.Build.0 = Debug|Any CPU
		{C805EAFE-EDB0-482E-A3D1-5D5AB1AB7EE5}.Release|Any CPU.ActiveCfg = Release|Any CPU
		{C805EAFE-EDB0-482E-A3D1-5D5AB1AB7EE5}.Release|Any CPU.Build.0 = Release|Any CPU
	EndGlobalSection
	GlobalSection(SolutionProperties) = preSolution
		HideSolutionNode = FALSE
	EndGlobalSection
EndGlobal
